<?xml version="1.0" encoding="UTF-8"?>
<CONFIG>
  <ProjectOptions>
    <Version Value="10"/>
    <General>
      <MainUnit Value="0"/>
      <Title Value="LocalDBExample"/>
      <ResourceType Value="res"/>
      <UseXPManifest Value="True"/>
      <Icon Value="0"/>
    </General>
    <i18n>
      <EnableI18N LFM="False"/>
    </i18n>
    <BuildModes Count="1" Active="Default">
      <Item1 Name="Default" Default="True"/>
    </BuildModes>
    <PublishOptions>
      <Version Value="2"/>
      <IncludeFileFilter Value="*.(pas|pp|inc|lfm|lpr|lrs|lpi|lpk|sh|xml)"/>
      <ExcludeFileFilter Value="*.(bak|ppu|o|so);*~;backup"/>
    </PublishOptions>
    <RunParams>
      <local>
        <FormatVersion Value="1"/>
      </local>
    </RunParams>
    <RequiredPackages Count="5">
      <Item1>
        <PackageName Value="iblocaldb"/>
      </Item1>
      <Item2>
        <PackageName Value="ibcontrols"/>
      </Item2>
      <Item3>
        <PackageName Value="FCL"/>
        <MinVersion Major="1" Valid="True"/>
      </Item3>
      <Item4>
        <PackageName Value="ibexpress"/>
        <MinVersion Minor="9" Valid="True"/>
      </Item4>
      <Item5>
        <PackageName Value="LCL"/>
      </Item5>
    </RequiredPackages>
    <Units Count="12">
      <Unit0>
        <Filename Value="LocalDBExample.lpr"/>
        <IsPartOfProject Value="True"/>
        <EditorIndex Value="-1"/>
        <WindowIndex Value="1"/>
        <CursorPos X="33" Y="10"/>
        <UsageCount Value="158"/>
      </Unit0>
      <Unit1>
        <Filename Value="unit1.pas"/>
        <IsPartOfProject Value="True"/>
        <ComponentName Value="Form1"/>
        <HasResources Value="True"/>
        <ResourceBaseClass Value="Form"/>
        <UnitName Value="Unit1"/>
        <IsVisibleTab Value="True"/>
        <TopLine Value="253"/>
        <CursorPos X="26" Y="292"/>
        <UsageCount Value="158"/>
        <Loaded Value="True"/>
      </Unit1>
      <Unit2>
        <Filename Value="unit2.pas"/>
        <IsPartOfProject Value="True"/>
        <ComponentName Value="SelectDeptDlg"/>
        <HasResources Value="True"/>
        <ResourceBaseClass Value="Form"/>
        <UnitName Value="Unit2"/>
        <EditorIndex Value="-1"/>
        <CursorPos X="52" Y="4"/>
        <UsageCount Value="21"/>
      </Unit2>
      <Unit3>
        <Filename Value="../../iblocaldb/IBXCreateDatabaseDlg.pas"/>
        <ComponentName Value="CreateDatabaseDlg"/>
        <HasResources Value="True"/>
        <ResourceBaseClass Value="Form"/>
        <EditorIndex Value="-1"/>
        <TopLine Value="60"/>
        <CursorPos X="28" Y="66"/>
        <UsageCount Value="11"/>
      </Unit3>
      <Unit4>
        <Filename Value="../../iblocaldb/IBXCustomIBLocalDBSupport.pas"/>
        <EditorIndex Value="-1"/>
        <TopLine Value="148"/>
        <CursorPos X="41" Y="5"/>
        <UsageCount Value="11"/>
      </Unit4>
      <Unit5>
        <Filename Value="../../iblocaldb/IBLocalDBSupport.pas"/>
        <EditorIndex Value="-1"/>
        <TopLine Value="143"/>
        <CursorPos Y="167"/>
        <UsageCount Value="11"/>
      </Unit5>
      <Unit6>
        <Filename Value="../../runtime/IBDatabase.pas"/>
        <EditorIndex Value="-1"/>
        <TopLine Value="613"/>
        <CursorPos X="3" Y="616"/>
        <UsageCount Value="11"/>
      </Unit6>
      <Unit7>
        <Filename Value="../../runtime/ibxscript.pas"/>
        <EditorIndex Value="-1"/>
        <TopLine Value="302"/>
        <CursorPos X="30" Y="330"/>
        <UsageCount Value="11"/>
      </Unit7>
      <Unit8>
        <Filename Value="../../iblocaldb/IBXCreateDatabaseFromSQLDlgUnit.pas"/>
        <ComponentName Value="IBXCreateDatabaseFromSQLDlg"/>
        <HasResources Value="True"/>
        <ResourceBaseClass Value="Form"/>
        <EditorIndex Value="-1"/>
        <TopLine Value="37"/>
        <CursorPos X="31" Y="50"/>
        <UsageCount Value="11"/>
      </Unit8>
      <Unit9>
        <Filename Value="../../iblocaldb.pas"/>
        <EditorIndex Value="-1"/>
        <UsageCount Value="10"/>
      </Unit9>
      <Unit10>
        <Filename Value="../../iblocaldb/IBCMLocalDBSupport.pas"/>
        <EditorIndex Value="-1"/>
        <TopLine Value="195"/>
        <CursorPos X="18" Y="219"/>
        <UsageCount Value="10"/>
      </Unit10>
      <Unit11>
        <Filename Value="patches/02-patch.sql"/>
        <EditorIndex Value="-1"/>
        <UsageCount Value="10"/>
        <DefaultSyntaxHighlighter Value="SQL"/>
      </Unit11>
    </Units>
    <JumpHistory HistoryIndex="-1"/>
  </ProjectOptions>
  <CompilerOptions>
    <Version Value="11"/>
    <Target>
      <Filename Value="LocalDBExample"/>
    </Target>
    <SearchPaths>
      <IncludeFiles Value="$(ProjOutDir)"/>
      <UnitOutputDirectory Value="lib/$(TargetCPU)-$(TargetOS)"/>
    </SearchPaths>
    <Linking>
      <Options>
        <Win32>
          <GraphicApplication Value="True"/>
        </Win32>
      </Options>
    </Linking>
    <Other>
      <CustomOptions Value="-dUseCThreads"/>
    </Other>
  </CompilerOptions>
  <Debugging>
    <Exceptions Count="3">
      <Item1>
        <Name Value="EAbort"/>
      </Item1>
      <Item2>
        <Name Value="ECodetoolError"/>
      </Item2>
      <Item3>
        <Name Value="EFOpenError"/>
      </Item3>
    </Exceptions>
  </Debugging>
</CONFIG>
