<?xml version="1.0" encoding="UTF-8"?>
<CONFIG>
  <ProjectOptions>
    <Version Value="11"/>
    <General>
      <MainUnit Value="0"/>
      <Title Value="project1"/>
      <ResourceType Value="res"/>
      <UseXPManifest Value="True"/>
      <Icon Value="0"/>
    </General>
    <i18n>
      <EnableI18N LFM="False"/>
    </i18n>
    <BuildModes Count="1" Active="Default">
      <Item1 Name="Default" Default="True"/>
    </BuildModes>
    <PublishOptions>
      <Version Value="2"/>
    </PublishOptions>
    <RunParams>
      <FormatVersion Value="2"/>
      <Modes Count="1">
        <Mode0 Name="default"/>
      </Modes>
    </RunParams>
    <RequiredPackages Count="4">
      <Item1>
        <PackageName Value="ibcontrols"/>
      </Item1>
      <Item2>
        <PackageName Value="FCL"/>
        <MinVersion Major="1" Valid="True"/>
      </Item2>
      <Item3>
        <PackageName Value="ibexpress"/>
        <MinVersion Minor="9" Valid="True"/>
      </Item3>
      <Item4>
        <PackageName Value="LCL"/>
      </Item4>
    </RequiredPackages>
    <Units Count="17">
      <Unit0>
        <Filename Value="project1.lpr"/>
        <IsPartOfProject Value="True"/>
        <EditorIndex Value="-1"/>
        <CursorPos Y="15"/>
        <UsageCount Value="207"/>
      </Unit0>
      <Unit1>
        <Filename Value="unit1.pas"/>
        <IsPartOfProject Value="True"/>
        <ComponentName Value="Form1"/>
        <HasResources Value="True"/>
        <ResourceBaseClass Value="Form"/>
        <UnitName Value="Unit1"/>
        <IsVisibleTab Value="True"/>
        <TopLine Value="37"/>
        <CursorPos X="23" Y="37"/>
        <UsageCount Value="207"/>
        <Loaded Value="True"/>
        <LoadedDesigner Value="True"/>
      </Unit1>
      <Unit2>
        <Filename Value="unit2.pas"/>
        <IsPartOfProject Value="True"/>
        <ComponentName Value="SelectDeptDlg"/>
        <HasResources Value="True"/>
        <ResourceBaseClass Value="Form"/>
        <UnitName Value="Unit2"/>
        <EditorIndex Value="-1"/>
        <CursorPos X="49" Y="13"/>
        <UsageCount Value="24"/>
      </Unit2>
      <Unit3>
        <Filename Value="unit4.pas"/>
        <IsPartOfProject Value="True"/>
        <ComponentName Value="EditLocation"/>
        <HasResources Value="True"/>
        <ResourceBaseClass Value="Form"/>
        <UnitName Value="Unit4"/>
        <EditorIndex Value="-1"/>
        <CursorPos X="40" Y="18"/>
        <UsageCount Value="24"/>
      </Unit3>
      <Unit4>
        <Filename Value="unit5.pas"/>
        <IsPartOfProject Value="True"/>
        <ComponentName Value="EditJobCode"/>
        <HasResources Value="True"/>
        <ResourceBaseClass Value="Form"/>
        <UnitName Value="Unit5"/>
        <EditorIndex Value="-1"/>
        <CursorPos X="29" Y="9"/>
        <UsageCount Value="24"/>
      </Unit4>
      <Unit5>
        <Filename Value="../dbInfo/Unit1.pas"/>
        <EditorIndex Value="-1"/>
        <UsageCount Value="10"/>
      </Unit5>
      <Unit6>
        <Filename Value="../../ibcontrols/DBControlGrid.pas"/>
        <EditorIndex Value="-1"/>
        <TopLine Value="1683"/>
        <CursorPos X="3" Y="1686"/>
        <UsageCount Value="11"/>
      </Unit6>
      <Unit7>
        <Filename Value="../../../fbintf/client/2.5/FB25Array.pas"/>
        <EditorIndex Value="-1"/>
        <TopLine Value="146"/>
        <UsageCount Value="10"/>
      </Unit7>
      <Unit8>
        <Filename Value="../../../fbintf/client/3.0/FB30Array.pas"/>
        <EditorIndex Value="-1"/>
        <TopLine Value="203"/>
        <CursorPos X="3" Y="203"/>
        <UsageCount Value="10"/>
      </Unit8>
      <Unit9>
        <Filename Value="../../../fbintf/client/FBArray.pas"/>
        <EditorIndex Value="-1"/>
        <TopLine Value="736"/>
        <CursorPos Y="769"/>
        <UsageCount Value="10"/>
      </Unit9>
      <Unit10>
        <Filename Value="../../ibcontrols/IBTreeView.pas"/>
        <EditorIndex Value="-1"/>
        <TopLine Value="238"/>
        <UsageCount Value="10"/>
      </Unit10>
      <Unit11>
        <Filename Value="../../../../lcl/grids.pas"/>
        <UnitName Value="Grids"/>
        <EditorIndex Value="-1"/>
        <TopLine Value="1093"/>
        <CursorPos X="15" Y="1109"/>
        <UsageCount Value="10"/>
      </Unit11>
      <Unit12>
        <Filename Value="../../../../lcl/forms.pp"/>
        <UnitName Value="Forms"/>
        <EditorIndex Value="-1"/>
        <TopLine Value="1514"/>
        <CursorPos X="15" Y="1529"/>
        <UsageCount Value="11"/>
      </Unit12>
      <Unit13>
        <Filename Value="../../../../lcl/interfaces/gtk2/gtk2widgetset.inc"/>
        <EditorIndex Value="-1"/>
        <TopLine Value="2337"/>
        <CursorPos Y="2353"/>
        <UsageCount Value="10"/>
      </Unit13>
      <Unit14>
        <Filename Value="../../../../lcl/lcltype.pp"/>
        <UnitName Value="LCLType"/>
        <EditorIndex Value="-1"/>
        <TopLine Value="79"/>
        <CursorPos X="3" Y="95"/>
        <UsageCount Value="10"/>
      </Unit14>
      <Unit15>
        <Filename Value="../../../../lcl/controls.pp"/>
        <UnitName Value="Controls"/>
        <EditorIndex Value="-1"/>
        <TopLine Value="2269"/>
        <CursorPos X="15" Y="2337"/>
        <UsageCount Value="10"/>
      </Unit15>
      <Unit16>
        <Filename Value="../../changelog"/>
        <EditorIndex Value="-1"/>
        <TopLine Value="34"/>
        <CursorPos X="80" Y="52"/>
        <UsageCount Value="10"/>
        <DefaultSyntaxHighlighter Value="None"/>
      </Unit16>
    </Units>
    <JumpHistory HistoryIndex="-1"/>
  </ProjectOptions>
  <CompilerOptions>
    <Version Value="11"/>
    <Target>
      <Filename Value="project1"/>
    </Target>
    <SearchPaths>
      <IncludeFiles Value="$(ProjOutDir)"/>
      <UnitOutputDirectory Value="lib/$(TargetCPU)-$(TargetOS)"/>
    </SearchPaths>
    <Linking>
      <Debugging>
        <UseHeaptrc Value="True"/>
      </Debugging>
      <Options>
        <Win32>
          <GraphicApplication Value="True"/>
        </Win32>
      </Options>
    </Linking>
    <Other>
      <CustomOptions Value="-dUseCThreads"/>
    </Other>
  </CompilerOptions>
  <Debugging>
    <Exceptions Count="3">
      <Item1>
        <Name Value="EAbort"/>
      </Item1>
      <Item2>
        <Name Value="ECodetoolError"/>
      </Item2>
      <Item3>
        <Name Value="EFOpenError"/>
      </Item3>
    </Exceptions>
  </Debugging>
</CONFIG>
