<?xml version="1.0" encoding="UTF-8"?>
<CONFIG>
  <ProjectOptions>
    <Version Value="11"/>
    <General>
      <MainUnit Value="0"/>
      <ResourceType Value="res"/>
      <UseXPManifest Value="True"/>
      <Icon Value="0"/>
    </General>
    <i18n>
      <EnableI18N LFM="False"/>
    </i18n>
    <BuildModes Count="1" Active="Default">
      <Item1 Name="Default" Default="True"/>
    </BuildModes>
    <PublishOptions>
      <Version Value="2"/>
    </PublishOptions>
    <RunParams>
      <FormatVersion Value="2"/>
      <Modes Count="1">
        <Mode0 Name="default"/>
      </Modes>
    </RunParams>
    <RequiredPackages Count="4">
      <Item1>
        <PackageName Value="ibcontrols"/>
      </Item1>
      <Item2>
        <PackageName Value="FCL"/>
        <MinVersion Major="1" Valid="True"/>
      </Item2>
      <Item3>
        <PackageName Value="ibexpress"/>
        <MinVersion Minor="9" Valid="True"/>
      </Item3>
      <Item4>
        <PackageName Value="LCL"/>
      </Item4>
    </RequiredPackages>
    <Units Count="91">
      <Unit0>
        <Filename Value="project1.lpr"/>
        <IsPartOfProject Value="True"/>
        <EditorIndex Value="-1"/>
        <TopLine Value="9"/>
        <CursorPos X="33" Y="10"/>
        <UsageCount Value="200"/>
      </Unit0>
      <Unit1>
        <Filename Value="unit1.pas"/>
        <IsPartOfProject Value="True"/>
        <ComponentName Value="Form1"/>
        <HasResources Value="True"/>
        <ResourceBaseClass Value="Form"/>
        <UnitName Value="Unit1"/>
        <IsVisibleTab Value="True"/>
        <TopLine Value="3"/>
        <CursorPos X="9" Y="36"/>
        <UsageCount Value="200"/>
        <Loaded Value="True"/>
        <LoadedDesigner Value="True"/>
      </Unit1>
      <Unit2>
        <Filename Value="unit2.pas"/>
        <IsPartOfProject Value="True"/>
        <ComponentName Value="SelectDeptDlg"/>
        <HasResources Value="True"/>
        <ResourceBaseClass Value="Form"/>
        <UnitName Value="Unit2"/>
        <EditorIndex Value="-1"/>
        <CursorPos X="39" Y="9"/>
        <UsageCount Value="113"/>
      </Unit2>
      <Unit3>
        <Filename Value="../../runtime/IBDatabase.pas"/>
        <EditorIndex Value="-1"/>
        <TopLine Value="1043"/>
        <CursorPos X="39" Y="1043"/>
        <UsageCount Value="4"/>
      </Unit3>
      <Unit4>
        <Filename Value="../../runtime/IBCustomDataSet.pas"/>
        <EditorIndex Value="-1"/>
        <TopLine Value="2462"/>
        <CursorPos Y="2491"/>
        <UsageCount Value="7"/>
      </Unit4>
      <Unit5>
        <Filename Value="../../runtime/IBSQL.pas"/>
        <EditorIndex Value="-1"/>
        <TopLine Value="700"/>
        <CursorPos X="3" Y="706"/>
        <UsageCount Value="5"/>
      </Unit5>
      <Unit6>
        <Filename Value="../../../fbintf/IB.pas"/>
        <EditorIndex Value="-1"/>
        <TopLine Value="450"/>
        <CursorPos X="28" Y="496"/>
        <UsageCount Value="44"/>
      </Unit6>
      <Unit7>
        <Filename Value="../../runtime/IBUpdateSQL.pas"/>
        <EditorIndex Value="-1"/>
        <TopLine Value="103"/>
        <CursorPos X="3" Y="105"/>
        <UsageCount Value="5"/>
      </Unit7>
      <Unit8>
        <Filename Value="../../runtime/IBUpdate.pas"/>
        <EditorIndex Value="-1"/>
        <TopLine Value="464"/>
        <CursorPos X="3" Y="483"/>
        <UsageCount Value="4"/>
      </Unit8>
      <Unit9>
        <Filename Value="../../runtime/IBDatabaseInfo.pas"/>
        <EditorIndex Value="-1"/>
        <CursorPos X="20" Y="32"/>
        <UsageCount Value="5"/>
      </Unit9>
      <Unit10>
        <Filename Value="/usr/share/fpcsrc/packages/fcl-db/src/base/db.pas"/>
        <EditorIndex Value="-1"/>
        <TopLine Value="1454"/>
        <CursorPos X="15" Y="1471"/>
        <UsageCount Value="28"/>
      </Unit10>
      <Unit11>
        <Filename Value="../../design/IBSQLEditFrame.pas"/>
        <ComponentName Value="IBSQLEditFrame"/>
        <HasResources Value="True"/>
        <ResourceBaseClass Value="Frame"/>
        <EditorIndex Value="-1"/>
        <TopLine Value="187"/>
        <CursorPos X="30" Y="200"/>
        <UsageCount Value="4"/>
      </Unit11>
      <Unit12>
        <Filename Value="../../design/ibinsertsqleditor.pas"/>
        <EditorIndex Value="-1"/>
        <TopLine Value="52"/>
        <CursorPos X="38" Y="79"/>
        <UsageCount Value="4"/>
      </Unit12>
      <Unit13>
        <Filename Value="../../design/ibupdatesqleditor.pas"/>
        <EditorIndex Value="-1"/>
        <TopLine Value="177"/>
        <CursorPos X="3" Y="179"/>
        <UsageCount Value="4"/>
      </Unit13>
      <Unit14>
        <Filename Value="../../../fbintf/client/FBMessages.pas"/>
        <EditorIndex Value="-1"/>
        <TopLine Value="283"/>
        <CursorPos X="23" Y="278"/>
        <UsageCount Value="4"/>
      </Unit14>
      <Unit15>
        <Filename Value="../../../../../fpcsrc/3.0.4/packages/fcl-db/src/base/dataset.inc"/>
        <EditorIndex Value="-1"/>
        <TopLine Value="606"/>
        <CursorPos X="13" Y="619"/>
        <UsageCount Value="4"/>
      </Unit15>
      <Unit16>
        <Filename Value="../../../../../fpcsrc/3.0.4/packages/fcl-db/src/base/fields.inc"/>
        <EditorIndex Value="-1"/>
        <TopLine Value="2128"/>
        <CursorPos X="5" Y="2143"/>
        <UsageCount Value="4"/>
      </Unit16>
      <Unit17>
        <Filename Value="../../changelog"/>
        <EditorIndex Value="-1"/>
        <CursorPos X="19" Y="16"/>
        <UsageCount Value="10"/>
        <DefaultSyntaxHighlighter Value="None"/>
      </Unit17>
      <Unit18>
        <Filename Value="/usr/share/fpcsrc/rtl/inc/systemh.inc"/>
        <EditorIndex Value="-1"/>
        <TopLine Value="470"/>
        <CursorPos X="31" Y="488"/>
        <UsageCount Value="10"/>
      </Unit18>
      <Unit19>
        <Filename Value="/usr/share/fpcsrc/rtl/objpas/sysutils/datih.inc"/>
        <EditorIndex Value="-1"/>
        <TopLine Value="139"/>
        <CursorPos X="11" Y="158"/>
        <UsageCount Value="7"/>
      </Unit19>
      <Unit20>
        <Filename Value="../../../fbintf/IBExternals.pas"/>
        <EditorIndex Value="-1"/>
        <TopLine Value="50"/>
        <CursorPos X="3" Y="68"/>
        <UsageCount Value="10"/>
      </Unit20>
      <Unit21>
        <Filename Value="../../../ibxflazreports/IBXFPrintPreviewDlgUnit.pas"/>
        <ComponentName Value="IBXFPrintPreviewDlg"/>
        <HasResources Value="True"/>
        <ResourceBaseClass Value="Form"/>
        <EditorIndex Value="-1"/>
        <CursorPos X="28" Y="7"/>
        <UsageCount Value="4"/>
      </Unit21>
      <Unit22>
        <Filename Value="/usr/share/fpcsrc/packages/fcl-db/src/base/fields.inc"/>
        <EditorIndex Value="-1"/>
        <TopLine Value="590"/>
        <CursorPos X="31" Y="602"/>
        <UsageCount Value="6"/>
      </Unit22>
      <Unit23>
        <Filename Value="../../../fbintf/client/FBSQLData.pas"/>
        <EditorIndex Value="-1"/>
        <TopLine Value="633"/>
        <CursorPos X="3" Y="659"/>
        <UsageCount Value="10"/>
      </Unit23>
      <Unit24>
        <Filename Value="/usr/share/fpcsrc/packages/fcl-db/src/base/dataset.inc"/>
        <EditorIndex Value="-1"/>
        <TopLine Value="1304"/>
        <CursorPos X="3" Y="1307"/>
        <UsageCount Value="10"/>
      </Unit24>
      <Unit25>
        <Filename Value="../../../../../fpcsrc/3.0.4/rtl/objpas/sysutils/dati.inc"/>
        <EditorIndex Value="-1"/>
        <TopLine Value="68"/>
        <CursorPos Y="89"/>
        <UsageCount Value="4"/>
      </Unit25>
      <Unit26>
        <Filename Value="/usr/share/fpcsrc/rtl/unix/sysutils.pp"/>
        <EditorIndex Value="-1"/>
        <TopLine Value="46"/>
        <CursorPos X="28" Y="853"/>
        <UsageCount Value="6"/>
      </Unit26>
      <Unit27>
        <Filename Value="/usr/share/fpcsrc/rtl/objpas/sysutils/dati.inc"/>
        <EditorIndex Value="-1"/>
        <TopLine Value="1303"/>
        <CursorPos Y="1219"/>
        <UsageCount Value="7"/>
      </Unit27>
      <Unit28>
        <Filename Value="../../runtime/IBStoredProc.pas"/>
        <EditorIndex Value="-1"/>
        <TopLine Value="79"/>
        <CursorPos X="48" Y="427"/>
        <UsageCount Value="4"/>
      </Unit28>
      <Unit29>
        <Filename Value="../../../fbintf/IBUtils.pas"/>
        <EditorIndex Value="-1"/>
        <TopLine Value="668"/>
        <CursorPos X="27" Y="687"/>
        <UsageCount Value="5"/>
      </Unit29>
      <Unit30>
        <Filename Value="../../runtime/IBXServices.pas"/>
        <EditorIndex Value="-1"/>
        <TopLine Value="375"/>
        <CursorPos X="5" Y="395"/>
        <UsageCount Value="4"/>
      </Unit30>
      <Unit31>
        <Filename Value="../../../fbintf/client/3.0/firebird/Firebird.pas"/>
        <EditorIndex Value="-1"/>
        <TopLine Value="2580"/>
        <CursorPos X="78" Y="2608"/>
        <UsageCount Value="10"/>
      </Unit31>
      <Unit32>
        <Filename Value="../../runtime/nongui/IBCustomDataSet.pas"/>
        <EditorIndex Value="-1"/>
        <UsageCount Value="10"/>
      </Unit32>
      <Unit33>
        <Filename Value="../../../fbintf/client/FBStatement.pas"/>
        <EditorIndex Value="-1"/>
        <TopLine Value="182"/>
        <CursorPos X="3" Y="188"/>
        <UsageCount Value="5"/>
      </Unit33>
      <Unit34>
        <Filename Value="../../runtime/nongui/IBUpdateSQL.pas"/>
        <EditorIndex Value="-1"/>
        <TopLine Value="106"/>
        <CursorPos X="15" Y="112"/>
        <UsageCount Value="4"/>
      </Unit34>
      <Unit35>
        <Filename Value="../../runtime/nongui/IBUpdate.pas"/>
        <EditorIndex Value="-1"/>
        <TopLine Value="34"/>
        <CursorPos Y="55"/>
        <UsageCount Value="4"/>
      </Unit35>
      <Unit36>
        <Filename Value="../../runtime/nongui/IBQuery.pas"/>
        <EditorIndex Value="-1"/>
        <TopLine Value="118"/>
        <CursorPos X="24" Y="133"/>
        <UsageCount Value="10"/>
      </Unit36>
      <Unit37>
        <Filename Value="../../runtime/nongui/IBTable.pas"/>
        <EditorIndex Value="-1"/>
        <TopLine Value="148"/>
        <CursorPos X="29" Y="165"/>
        <UsageCount Value="10"/>
      </Unit37>
      <Unit38>
        <Filename Value="../../runtime/nongui/IBDataOutput.pas"/>
        <EditorIndex Value="-1"/>
        <TopLine Value="653"/>
        <CursorPos X="3" Y="640"/>
        <UsageCount Value="6"/>
      </Unit38>
      <Unit39>
        <Filename Value="../../../fbintf/testsuite/Test4.pas"/>
        <EditorIndex Value="-1"/>
        <TopLine Value="52"/>
        <CursorPos X="40" Y="80"/>
        <UsageCount Value="4"/>
      </Unit39>
      <Unit40>
        <Filename Value="../../../fbintf/testsuite/TestManager.pas"/>
        <EditorIndex Value="-1"/>
        <TopLine Value="628"/>
        <CursorPos Y="639"/>
        <UsageCount Value="4"/>
      </Unit40>
      <Unit41>
        <Filename Value="../../../fbintf/client/3.0/FB30Statement.pas"/>
        <EditorIndex Value="-1"/>
        <TopLine Value="1292"/>
        <CursorPos X="3" Y="1296"/>
        <UsageCount Value="6"/>
      </Unit41>
      <Unit42>
        <Filename Value="../../runtime/nongui/IBSQL.pas"/>
        <EditorIndex Value="-1"/>
        <TopLine Value="828"/>
        <CursorPos Y="849"/>
        <UsageCount Value="5"/>
      </Unit42>
      <Unit43>
        <Filename Value="../../runtime/nongui/IBXServices.pas"/>
        <EditorIndex Value="-1"/>
        <TopLine Value="88"/>
        <CursorPos X="40" Y="122"/>
        <UsageCount Value="5"/>
      </Unit43>
      <Unit44>
        <Filename Value="../../../fbintf/changelog"/>
        <EditorIndex Value="-1"/>
        <TopLine Value="7"/>
        <CursorPos X="21" Y="37"/>
        <UsageCount Value="4"/>
        <DefaultSyntaxHighlighter Value="None"/>
      </Unit44>
      <Unit45>
        <Filename Value="../../runtime/nongui/IBDatabase.pas"/>
        <EditorIndex Value="-1"/>
        <TopLine Value="137"/>
        <CursorPos X="23" Y="170"/>
        <UsageCount Value="10"/>
      </Unit45>
      <Unit46>
        <Filename Value="../../../../../fpcsrc/3.0.4/rtl/inc/objpas.inc"/>
        <EditorIndex Value="-1"/>
        <TopLine Value="38"/>
        <CursorPos Y="62"/>
        <UsageCount Value="4"/>
      </Unit46>
      <Unit47>
        <Filename Value="../../ibcontrols/IBLookupComboEditBox.pas"/>
        <EditorIndex Value="-1"/>
        <TopLine Value="106"/>
        <CursorPos X="21" Y="130"/>
        <UsageCount Value="4"/>
      </Unit47>
      <Unit48>
        <Filename Value="../../../../../lazarus18/otherComponents/ibx/runtime/nongui/IBCustomDataSet.pas"/>
        <EditorIndex Value="-1"/>
        <TopLine Value="1408"/>
        <CursorPos X="33" Y="1439"/>
        <UsageCount Value="4"/>
      </Unit48>
      <Unit49>
        <Filename Value="../../../../lcl/lclversion.pas"/>
        <UnitName Value="LCLVersion"/>
        <EditorIndex Value="-1"/>
        <CursorPos X="13" Y="35"/>
        <UsageCount Value="4"/>
      </Unit49>
      <Unit50>
        <Filename Value="../../../../components/lazutils/lazversion.pas"/>
        <UnitName Value="LazVersion"/>
        <EditorIndex Value="-1"/>
        <CursorPos X="18" Y="27"/>
        <UsageCount Value="4"/>
      </Unit50>
      <Unit51>
        <Filename Value="../../../fbintf/include/consts_pub.inc"/>
        <EditorIndex Value="-1"/>
        <TopLine Value="217"/>
        <CursorPos X="27" Y="234"/>
        <UsageCount Value="10"/>
      </Unit51>
      <Unit52>
        <Filename Value="../../../fbintf/client/FBAttachment.pas"/>
        <EditorIndex Value="-1"/>
        <TopLine Value="190"/>
        <CursorPos X="3" Y="572"/>
        <UsageCount Value="10"/>
      </Unit52>
      <Unit53>
        <Filename Value="../../../fbintf/client/FBParamBlock.pas"/>
        <EditorIndex Value="-1"/>
        <TopLine Value="86"/>
        <CursorPos X="3" Y="62"/>
        <UsageCount Value="4"/>
      </Unit53>
      <Unit54>
        <Filename Value="../../runtime/nongui/IBExtract.pas"/>
        <EditorIndex Value="-1"/>
        <TopLine Value="173"/>
        <CursorPos X="49" Y="204"/>
        <UsageCount Value="4"/>
      </Unit54>
      <Unit55>
        <Filename Value="../../../../lcl/stdctrls.pp"/>
        <UnitName Value="StdCtrls"/>
        <EditorIndex Value="-1"/>
        <TopLine Value="1631"/>
        <CursorPos Y="1652"/>
        <UsageCount Value="4"/>
      </Unit55>
      <Unit56>
        <Filename Value="../../../fbintf/client/3.0/FB30Array.pas"/>
        <EditorIndex Value="-1"/>
        <TopLine Value="273"/>
        <CursorPos X="1024" Y="310"/>
        <UsageCount Value="4"/>
      </Unit56>
      <Unit57>
        <Filename Value="/usr/share/fpcsrc/packages/fcl-db/src/base/dsparams.inc"/>
        <EditorIndex Value="-1"/>
        <TopLine Value="195"/>
        <CursorPos Y="200"/>
        <UsageCount Value="5"/>
      </Unit57>
      <Unit58>
        <Filename Value="../../../../../fpcsrc/3.0.4/packages/fcl-db/src/base/dsparams.inc"/>
        <EditorIndex Value="-1"/>
        <TopLine Value="688"/>
        <CursorPos Y="708"/>
        <UsageCount Value="4"/>
      </Unit58>
      <Unit59>
        <Filename Value="../../runtime/nongui/IBStoredProc.pas"/>
        <EditorIndex Value="-1"/>
        <TopLine Value="86"/>
        <CursorPos X="21" Y="104"/>
        <UsageCount Value="10"/>
      </Unit59>
      <Unit60>
        <Filename Value="../../../../../fpcsrc/3.0.4/rtl/inc/astrings.inc"/>
        <EditorIndex Value="-1"/>
        <TopLine Value="161"/>
        <CursorPos Y="189"/>
        <UsageCount Value="4"/>
      </Unit60>
      <Unit61>
        <Filename Value="../../../../../fpcsrc/3.0.4/rtl/objpas/classes/stringl.inc"/>
        <EditorIndex Value="-1"/>
        <TopLine Value="1201"/>
        <CursorPos Y="1223"/>
        <UsageCount Value="4"/>
      </Unit61>
      <Unit62>
        <Filename Value="/usr/share/fpcsrc/rtl/objpas/sysutils/sysstrh.inc"/>
        <EditorIndex Value="-1"/>
        <TopLine Value="154"/>
        <CursorPos X="46" Y="173"/>
        <UsageCount Value="10"/>
      </Unit62>
      <Unit63>
        <Filename Value="../../runtime/nongui/ibxscript.pas"/>
        <EditorIndex Value="-1"/>
        <TopLine Value="1461"/>
        <CursorPos X="3" Y="1465"/>
        <UsageCount Value="4"/>
      </Unit63>
      <Unit64>
        <Filename Value="/tmp/myibxtools.pas"/>
        <UnitName Value="MyIBXTools"/>
        <EditorIndex Value="-1"/>
        <TopLine Value="76"/>
        <CursorPos X="33" Y="10"/>
        <UsageCount Value="4"/>
      </Unit64>
      <Unit65>
        <Filename Value="/usr/lib/fpcsrc/packages/fcl-db/src/base/db.pas"/>
        <EditorIndex Value="-1"/>
        <TopLine Value="1653"/>
        <CursorPos X="62" Y="1679"/>
        <UsageCount Value="6"/>
      </Unit65>
      <Unit66>
        <Filename Value="/usr/lib/fpcsrc/packages/fcl-db/src/base/dataset.inc"/>
        <EditorIndex Value="-1"/>
        <TopLine Value="1037"/>
        <CursorPos X="37" Y="1063"/>
        <UsageCount Value="6"/>
      </Unit66>
      <Unit67>
        <Filename Value="../../../fbcursors/src/FBCursorIntf.pas"/>
        <EditorIndex Value="-1"/>
        <TopLine Value="69"/>
        <CursorPos Y="77"/>
        <UsageCount Value="38"/>
      </Unit67>
      <Unit68>
        <Filename Value="../../../fbcursors/src/FBCursorAPI.pas"/>
        <EditorIndex Value="-1"/>
        <CursorPos X="26" Y="8"/>
        <UsageCount Value="36"/>
      </Unit68>
      <Unit69>
        <Filename Value="../../../fbintf/client/FBActivityMonitor.pas"/>
        <EditorIndex Value="-1"/>
        <TopLine Value="44"/>
        <CursorPos X="34" Y="63"/>
        <UsageCount Value="38"/>
      </Unit69>
      <Unit70>
        <Filename Value="../../../fbcursors/src/FBCursorBase.pas"/>
        <EditorIndex Value="-1"/>
        <WindowIndex Value="-1"/>
        <TopLine Value="367"/>
        <CursorPos X="30" Y="372"/>
        <ExtraEditorCount Value="1"/>
        <ExtraEditor1>
          <EditorIndex Value="-1"/>
          <TopLine Value="1377"/>
          <CursorPos Y="1412"/>
        </ExtraEditor1>
        <UsageCount Value="37"/>
      </Unit70>
      <Unit71>
        <Filename Value="../../../fbcursors/src/FBUniCursor.pas"/>
        <EditorIndex Value="-1"/>
        <TopLine Value="86"/>
        <CursorPos X="46" Y="105"/>
        <UsageCount Value="37"/>
      </Unit71>
      <Unit72>
        <Filename Value="../../../fbcursors/src/FBCursorMessages.pas"/>
        <EditorIndex Value="-1"/>
        <TopLine Value="120"/>
        <CursorPos X="77" Y="148"/>
        <UsageCount Value="37"/>
      </Unit72>
      <Unit73>
        <Filename Value="../../../fbcursors/src/FBBiDirCursor.pas"/>
        <EditorIndex Value="-1"/>
        <TopLine Value="162"/>
        <CursorPos X="36" Y="197"/>
        <UsageCount Value="37"/>
      </Unit73>
      <Unit74>
        <Filename Value="../../../fbcursors/src/FBCachedUpdateCursor.pas"/>
        <EditorIndex Value="-1"/>
        <TopLine Value="330"/>
        <CursorPos X="9" Y="335"/>
        <UsageCount Value="25"/>
      </Unit74>
      <Unit75>
        <Filename Value="../../../fbintf/client/3.0/FB30Attachment.pas"/>
        <EditorIndex Value="-1"/>
        <TopLine Value="64"/>
        <UsageCount Value="5"/>
      </Unit75>
      <Unit76>
        <Filename Value="../../../fbcursors/src/FBBufferedBlob.pas"/>
        <EditorIndex Value="-1"/>
        <TopLine Value="174"/>
        <CursorPos X="26" Y="205"/>
        <UsageCount Value="29"/>
      </Unit76>
      <Unit77>
        <Filename Value="../../../fbcursors/src/FBBufferedArray.pas"/>
        <EditorIndex Value="-1"/>
        <CursorPos X="26" Y="8"/>
        <UsageCount Value="28"/>
      </Unit77>
      <Unit78>
        <Filename Value="/usr/share/fpcsrc/rtl/objpas/sysutils/sysutilh.inc"/>
        <EditorIndex Value="-1"/>
        <TopLine Value="301"/>
        <CursorPos X="13" Y="320"/>
        <UsageCount Value="6"/>
      </Unit78>
      <Unit79>
        <Filename Value="/usr/share/fpcsrc/rtl/objpas/sysutils/sysutils.inc"/>
        <EditorIndex Value="-1"/>
        <TopLine Value="154"/>
        <CursorPos X="9" Y="158"/>
        <UsageCount Value="6"/>
      </Unit79>
      <Unit80>
        <Filename Value="/usr/share/fpcsrc/rtl/inc/objpash.inc"/>
        <EditorIndex Value="-1"/>
        <TopLine Value="265"/>
        <CursorPos X="8" Y="284"/>
        <UsageCount Value="26"/>
      </Unit80>
      <Unit81>
        <Filename Value="/usr/share/fpcsrc/rtl/objpas/sysutils/sysinth.inc"/>
        <EditorIndex Value="-1"/>
        <TopLine Value="25"/>
        <CursorPos X="3" Y="33"/>
        <UsageCount Value="10"/>
      </Unit81>
      <Unit82>
        <Filename Value="/usr/share/fpcsrc/rtl/inc/varianth.inc"/>
        <EditorIndex Value="-1"/>
        <TopLine Value="49"/>
        <CursorPos X="4" Y="21"/>
        <UsageCount Value="10"/>
      </Unit82>
      <Unit83>
        <Filename Value="../../../fbintf/client/FBClientAPI.pas"/>
        <EditorIndex Value="-1"/>
        <TopLine Value="521"/>
        <CursorPos X="66" Y="548"/>
        <UsageCount Value="10"/>
      </Unit83>
      <Unit84>
        <Filename Value="../../../fbintf/client/2.5/FB25Statement.pas"/>
        <EditorIndex Value="-1"/>
        <TopLine Value="798"/>
        <CursorPos X="16" Y="777"/>
        <UsageCount Value="10"/>
      </Unit84>
      <Unit85>
        <Filename Value="../../ibcontrols/IBDynamicGrid.pas"/>
        <EditorIndex Value="-1"/>
        <TopLine Value="838"/>
        <CursorPos X="43" Y="849"/>
        <UsageCount Value="10"/>
      </Unit85>
      <Unit86>
        <Filename Value="../../../../lcl/dbgrids.pas"/>
        <UnitName Value="DBGrids"/>
        <EditorIndex Value="-1"/>
        <TopLine Value="3542"/>
        <CursorPos X="3" Y="3549"/>
        <UsageCount Value="10"/>
      </Unit86>
      <Unit87>
        <Filename Value="../../runtime/gui/IBDialogs.pas"/>
        <EditorIndex Value="-1"/>
        <TopLine Value="43"/>
        <UsageCount Value="10"/>
      </Unit87>
      <Unit88>
        <Filename Value="../../../fbintf/client/3.0/FB30ClientAPI.pas"/>
        <EditorIndex Value="-1"/>
        <TopLine Value="424"/>
        <CursorPos X="86" Y="441"/>
        <UsageCount Value="10"/>
      </Unit88>
      <Unit89>
        <Filename Value="../../../fbintf/client/2.5/FB25ClientAPI.pas"/>
        <EditorIndex Value="-1"/>
        <TopLine Value="653"/>
        <CursorPos X="46" Y="683"/>
        <UsageCount Value="10"/>
      </Unit89>
      <Unit90>
        <Filename Value="../../../fbintf/client/2.5/IBHeader.pas"/>
        <EditorIndex Value="-1"/>
        <TopLine Value="600"/>
        <CursorPos Y="616"/>
        <UsageCount Value="10"/>
      </Unit90>
    </Units>
    <JumpHistory Count="3" HistoryIndex="2">
      <Position1>
        <Filename Value="../../runtime/nongui/IBCustomDataSet.pas"/>
        <Caret Line="1064" Column="59" TopLine="1048"/>
      </Position1>
      <Position2>
        <Filename Value="../../runtime/nongui/IBCustomDataSet.pas"/>
      </Position2>
      <Position3>
        <Filename Value="../../runtime/nongui/IBCustomDataSet.pas"/>
        <Caret Line="1207" Column="23" TopLine="1179"/>
      </Position3>
    </JumpHistory>
  </ProjectOptions>
  <CompilerOptions>
    <Version Value="11"/>
    <Target>
      <Filename Value="project1"/>
    </Target>
    <SearchPaths>
      <IncludeFiles Value="$(ProjOutDir)"/>
      <UnitOutputDirectory Value="lib/$(TargetCPU)-$(TargetOS)"/>
    </SearchPaths>
    <Linking>
      <Debugging>
        <UseHeaptrc Value="True"/>
      </Debugging>
      <Options>
        <Win32>
          <GraphicApplication Value="True"/>
        </Win32>
      </Options>
    </Linking>
    <Other>
      <CustomOptions Value="-dUseCThreads"/>
    </Other>
  </CompilerOptions>
  <Debugging>
    <Exceptions Count="3">
      <Item1>
        <Name Value="EAbort"/>
      </Item1>
      <Item2>
        <Name Value="ECodetoolError"/>
      </Item2>
      <Item3>
        <Name Value="EFOpenError"/>
      </Item3>
    </Exceptions>
  </Debugging>
</CONFIG>
