<?xml version="1.0" encoding="UTF-8"?>
<CONFIG>
  <ProjectOptions>
    <Version Value="12"/>
    <General>
      <Flags>
        <CompatibilityMode Value="True"/>
      </Flags>
      <Title Value="Integrated Monitoring Example"/>
      <ResourceType Value="res"/>
      <UseXPManifest Value="True"/>
      <Icon Value="0"/>
    </General>
    <i18n>
      <EnableI18N LFM="False"/>
    </i18n>
    <BuildModes Count="1" Active="Default">
      <Item1 Name="Default" Default="True"/>
    </BuildModes>
    <PublishOptions>
      <Version Value="2"/>
    </PublishOptions>
    <RunParams>
      <FormatVersion Value="2"/>
      <Modes Count="1">
        <Mode0 Name="default"/>
      </Modes>
    </RunParams>
    <RequiredPackages Count="4">
      <Item1>
        <PackageName Value="ibcontrols"/>
      </Item1>
      <Item2>
        <PackageName Value="FCL"/>
        <MinVersion Major="1" Valid="True"/>
      </Item2>
      <Item3>
        <PackageName Value="ibexpress"/>
        <MinVersion Minor="9" Valid="True"/>
      </Item3>
      <Item4>
        <PackageName Value="LCL"/>
      </Item4>
    </RequiredPackages>
    <Units Count="33">
      <Unit0>
        <Filename Value="IntegratedMonitoring.lpr"/>
        <IsPartOfProject Value="True"/>
        <EditorIndex Value="-1"/>
        <WindowIndex Value="1"/>
        <CursorPos X="4" Y="20"/>
        <UsageCount Value="123"/>
      </Unit0>
      <Unit1>
        <Filename Value="MainForm.pas"/>
        <IsPartOfProject Value="True"/>
        <ComponentName Value="Form1"/>
        <HasResources Value="True"/>
        <ResourceBaseClass Value="Form"/>
        <IsVisibleTab Value="True"/>
        <WindowIndex Value="1"/>
        <TopLine Value="363"/>
        <CursorPos X="32" Y="378"/>
        <UsageCount Value="123"/>
        <Loaded Value="True"/>
        <LoadedDesigner Value="True"/>
      </Unit1>
      <Unit2>
        <Filename Value="MonitorFormUnit.pas"/>
        <IsPartOfProject Value="True"/>
        <ComponentName Value="MonitorForm"/>
        <HasResources Value="True"/>
        <ResourceBaseClass Value="Form"/>
        <EditorIndex Value="-1"/>
        <WindowIndex Value="1"/>
        <TopLine Value="41"/>
        <CursorPos X="3" Y="63"/>
        <UsageCount Value="25"/>
      </Unit2>
      <Unit3>
        <Filename Value="SelectDeptDlgUnit.pas"/>
        <IsPartOfProject Value="True"/>
        <ComponentName Value="SelectDeptDlg"/>
        <HasResources Value="True"/>
        <ResourceBaseClass Value="Form"/>
        <EditorIndex Value="-1"/>
        <WindowIndex Value="1"/>
        <CursorPos X="21" Y="13"/>
        <UsageCount Value="25"/>
      </Unit3>
      <Unit4>
        <Filename Value="../../runtime/nongui/IBCustomDataSet.pas"/>
        <EditorIndex Value="-1"/>
        <WindowIndex Value="1"/>
        <TopLine Value="1414"/>
        <CursorPos X="29" Y="1422"/>
        <UsageCount Value="12"/>
      </Unit4>
      <Unit5>
        <Filename Value="/usr/share/fpcsrc/packages/fcl-db/src/base/db.pas"/>
        <EditorIndex Value="-1"/>
        <WindowIndex Value="1"/>
        <TopLine Value="1595"/>
        <CursorPos X="14" Y="1615"/>
        <UsageCount Value="11"/>
      </Unit5>
      <Unit6>
        <Filename Value="../../runtime/nongui/IBSQLMonitor.pas"/>
        <EditorIndex Value="-1"/>
        <WindowIndex Value="1"/>
        <TopLine Value="978"/>
        <CursorPos X="3" Y="981"/>
        <UsageCount Value="10"/>
      </Unit6>
      <Unit7>
        <Filename Value="../../runtime/nongui/IBTypes.pas"/>
        <EditorIndex Value="-1"/>
        <WindowIndex Value="1"/>
        <TopLine Value="15"/>
        <CursorPos X="49" Y="47"/>
        <UsageCount Value="10"/>
      </Unit7>
      <Unit8>
        <Filename Value="/usr/share/fpcsrc/packages/fcl-db/src/base/dataset.inc"/>
        <EditorIndex Value="-1"/>
        <WindowIndex Value="1"/>
        <TopLine Value="551"/>
        <CursorPos X="41" Y="576"/>
        <UsageCount Value="10"/>
      </Unit8>
      <Unit9>
        <Filename Value="../../ibcontrols/IBLookupComboEditBox.pas"/>
        <EditorIndex Value="-1"/>
        <WindowIndex Value="1"/>
        <TopLine Value="45"/>
        <CursorPos X="42" Y="78"/>
        <UsageCount Value="11"/>
      </Unit9>
      <Unit10>
        <Filename Value="/usr/share/fpcsrc/packages/fcl-db/src/base/datasource.inc"/>
        <EditorIndex Value="-1"/>
        <WindowIndex Value="1"/>
        <TopLine Value="192"/>
        <CursorPos X="3" Y="195"/>
        <UsageCount Value="11"/>
      </Unit10>
      <Unit11>
        <Filename Value="../../../../lcl/dbctrls.pp"/>
        <UnitName Value="DbCtrls"/>
        <EditorIndex Value="-1"/>
        <WindowIndex Value="1"/>
        <TopLine Value="777"/>
        <CursorPos X="20" Y="780"/>
        <UsageCount Value="11"/>
      </Unit11>
      <Unit12>
        <Filename Value="../../../../lcl/include/dblookupcombobox.inc"/>
        <EditorIndex Value="-1"/>
        <WindowIndex Value="1"/>
        <TopLine Value="27"/>
        <CursorPos X="45" Y="40"/>
        <UsageCount Value="11"/>
      </Unit12>
      <Unit13>
        <Filename Value="../../../../lcl/include/dblookup.inc"/>
        <EditorIndex Value="-1"/>
        <WindowIndex Value="1"/>
        <TopLine Value="60"/>
        <CursorPos X="54" Y="78"/>
        <UsageCount Value="11"/>
      </Unit13>
      <Unit14>
        <Filename Value="../../../../lcl/include/customcombobox.inc"/>
        <EditorIndex Value="-1"/>
        <WindowIndex Value="1"/>
        <TopLine Value="242"/>
        <CursorPos X="3" Y="249"/>
        <UsageCount Value="11"/>
      </Unit14>
      <Unit15>
        <Filename Value="../../../../lcl/stdctrls.pp"/>
        <UnitName Value="StdCtrls"/>
        <EditorIndex Value="-1"/>
        <WindowIndex Value="1"/>
        <TopLine Value="256"/>
        <CursorPos X="33" Y="263"/>
        <UsageCount Value="11"/>
      </Unit15>
      <Unit16>
        <Filename Value="../../../../lcl/controls.pp"/>
        <UnitName Value="Controls"/>
        <EditorIndex Value="-1"/>
        <WindowIndex Value="1"/>
        <TopLine Value="1351"/>
        <CursorPos X="15" Y="1371"/>
        <UsageCount Value="11"/>
      </Unit16>
      <Unit17>
        <Filename Value="../../../../../fpcsrc/3.0.4/packages/fcl-db/src/base/dataset.inc"/>
        <EditorIndex Value="-1"/>
        <WindowIndex Value="1"/>
        <TopLine Value="237"/>
        <CursorPos Y="266"/>
        <UsageCount Value="10"/>
      </Unit17>
      <Unit18>
        <Filename Value="../../../../../fpcsrc/3.0.4/packages/fcl-db/src/base/datasource.inc"/>
        <EditorIndex Value="-1"/>
        <WindowIndex Value="1"/>
        <TopLine Value="640"/>
        <CursorPos Y="671"/>
        <UsageCount Value="10"/>
      </Unit18>
      <Unit19>
        <Filename Value="../../../../../fpcsrc/3.0.4/rtl/objpas/classes/lists.inc"/>
        <EditorIndex Value="-1"/>
        <WindowIndex Value="1"/>
        <TopLine Value="32"/>
        <CursorPos Y="56"/>
        <UsageCount Value="10"/>
      </Unit19>
      <Unit20>
        <Filename Value="../../../../lcl/include/control.inc"/>
        <EditorIndex Value="-1"/>
        <WindowIndex Value="1"/>
        <TopLine Value="3774"/>
        <CursorPos X="3" Y="3793"/>
        <UsageCount Value="10"/>
      </Unit20>
      <Unit21>
        <Filename Value="/usr/share/fpcsrc/rtl/objpas/sysutils/datih.inc"/>
        <EditorIndex Value="-1"/>
        <WindowIndex Value="1"/>
        <TopLine Value="85"/>
        <CursorPos X="4" Y="105"/>
        <UsageCount Value="10"/>
      </Unit21>
      <Unit22>
        <Filename Value="/usr/share/fpcsrc/rtl/objpas/sysutils/dati.inc"/>
        <EditorIndex Value="-1"/>
        <WindowIndex Value="1"/>
        <TopLine Value="77"/>
        <CursorPos X="3" Y="79"/>
        <UsageCount Value="10"/>
      </Unit22>
      <Unit23>
        <Filename Value="../../../fbintf/client/3.0/firebird/Firebird.pas"/>
        <EditorIndex Value="-1"/>
        <WindowIndex Value="1"/>
        <TopLine Value="136"/>
        <CursorPos X="9" Y="157"/>
        <UsageCount Value="10"/>
      </Unit23>
      <Unit24>
        <Filename Value="../../../fbintf/client/3.0/FB30Statement.pas"/>
        <EditorIndex Value="-1"/>
        <WindowIndex Value="1"/>
        <TopLine Value="1276"/>
        <CursorPos X="24" Y="1312"/>
        <UsageCount Value="10"/>
      </Unit24>
      <Unit25>
        <Filename Value="/usr/share/fpcsrc/packages/fcl-db/src/base/fields.inc"/>
        <EditorIndex Value="-1"/>
        <WindowIndex Value="1"/>
        <TopLine Value="68"/>
        <CursorPos X="81" Y="99"/>
        <UsageCount Value="10"/>
      </Unit25>
      <Unit26>
        <Filename Value="../../ibcontrols/IBDynamicGrid.pas"/>
        <EditorIndex Value="-1"/>
        <WindowIndex Value="1"/>
        <TopLine Value="121"/>
        <CursorPos X="41" Y="148"/>
        <UsageCount Value="10"/>
      </Unit26>
      <Unit27>
        <Filename Value="/usr/share/fpcsrc/packages/fcl-base/src/fptimer.pp"/>
        <EditorIndex Value="-1"/>
        <WindowIndex Value="1"/>
        <TopLine Value="308"/>
        <CursorPos X="3" Y="310"/>
        <UsageCount Value="11"/>
      </Unit27>
      <Unit28>
        <Filename Value="../../runtime/nongui/sv5ipc.inc"/>
        <EditorIndex Value="-1"/>
        <WindowIndex Value="1"/>
        <CursorPos X="21" Y="14"/>
        <UsageCount Value="10"/>
      </Unit28>
      <Unit29>
        <Filename Value="../../changelog"/>
        <EditorIndex Value="-1"/>
        <WindowIndex Value="1"/>
        <CursorPos X="14" Y="8"/>
        <UsageCount Value="10"/>
        <DefaultSyntaxHighlighter Value="None"/>
      </Unit29>
      <Unit30>
        <Filename Value="/usr/share/fpcsrc/packages/fcl-base/src/unix/eventlog.inc"/>
        <EditorIndex Value="-1"/>
        <WindowIndex Value="1"/>
        <TopLine Value="67"/>
        <UsageCount Value="10"/>
      </Unit30>
      <Unit31>
        <Filename Value="/usr/share/fpcsrc/rtl/objpas/classes/classesh.inc"/>
        <EditorIndex Value="-1"/>
        <WindowIndex Value="1"/>
        <TopLine Value="2043"/>
        <CursorPos X="10" Y="2064"/>
        <UsageCount Value="10"/>
      </Unit31>
      <Unit32>
        <Filename Value="/usr/share/fpcsrc/rtl/objpas/classes/classes.inc"/>
        <EditorIndex Value="-1"/>
        <WindowIndex Value="1"/>
        <TopLine Value="383"/>
        <CursorPos X="3" Y="387"/>
        <UsageCount Value="10"/>
      </Unit32>
    </Units>
    <JumpHistory Count="3" HistoryIndex="2">
      <Position1>
        <Filename Value="MainForm.pas"/>
        <Caret Line="37" Column="4" TopLine="28"/>
      </Position1>
      <Position2>
        <Filename Value="MainForm.pas"/>
        <Caret Line="36" Column="12" TopLine="28"/>
      </Position2>
      <Position3>
        <Filename Value="MainForm.pas"/>
        <Caret Line="35" Column="7" TopLine="28"/>
      </Position3>
    </JumpHistory>
  </ProjectOptions>
  <CompilerOptions>
    <Version Value="11"/>
    <Target>
      <Filename Value="IntegratedMonitoring"/>
    </Target>
    <SearchPaths>
      <IncludeFiles Value="$(ProjOutDir)"/>
      <UnitOutputDirectory Value="lib/$(TargetCPU)-$(TargetOS)"/>
    </SearchPaths>
    <Linking>
      <Debugging>
        <UseHeaptrc Value="True"/>
      </Debugging>
      <Options>
        <Win32>
          <GraphicApplication Value="True"/>
        </Win32>
      </Options>
    </Linking>
    <Other>
      <CustomOptions Value="-dUseCThreads"/>
    </Other>
  </CompilerOptions>
  <Debugging>
    <Exceptions Count="3">
      <Item1>
        <Name Value="EAbort"/>
      </Item1>
      <Item2>
        <Name Value="ECodetoolError"/>
      </Item2>
      <Item3>
        <Name Value="EFOpenError"/>
      </Item3>
    </Exceptions>
  </Debugging>
</CONFIG>
